// !$*UTF8*$!
{
	archiveVersion = 1;
	classes = {
	};
	objectVersion = 50;
	objects = {

/* Begin PBXBuildFile section */
		25240AAF2537DB50000A7EA4 /* AppDelegate.m in Sources */ = {isa = PBXBuildFile; fileRef = 25240AAE2537DB50000A7EA4 /* AppDelegate.m */; };
		25240AB52537DB50000A7EA4 /* ViewController.m in Sources */ = {isa = PBXBuildFile; fileRef = 25240AB42537DB50000A7EA4 /* ViewController.m */; };
		25240AB82537DB50000A7EA4 /* Main.storyboard in Resources */ = {isa = PBXBuildFile; fileRef = 25240AB62537DB50000A7EA4 /* Main.storyboard */; };
		25240ABA2537DB51000A7EA4 /* Assets.xcassets in Resources */ = {isa = PBXBuildFile; fileRef = 25240AB92537DB51000A7EA4 /* Assets.xcassets */; };
		25240ABD2537DB51000A7EA4 /* LaunchScreen.storyboard in Resources */ = {isa = PBXBuildFile; fileRef = 25240ABB2537DB51000A7EA4 /* LaunchScreen.storyboard */; };
		25240AC02537DB51000A7EA4 /* main.m in Sources */ = {isa = PBXBuildFile; fileRef = 25240ABF2537DB51000A7EA4 /* main.m */; };
		25240ACD2537DCD0000A7EA4 /* YQQChart.m in Sources */ = {isa = PBXBuildFile; fileRef = 25240ACC2537DCD0000A7EA4 /* YQQChart.m */; };
		25240AD22537EC1E000A7EA4 /* YQQChartCalculate.m in Sources */ = {isa = PBXBuildFile; fileRef = 25240AD12537EC1E000A7EA4 /* YQQChartCalculate.m */; };
		25240AD925381DB2000A7EA4 /* YQQPieChartModel.m in Sources */ = {isa = PBXBuildFile; fileRef = 25240AD825381DB2000A7EA4 /* YQQPieChartModel.m */; };
		254EDEA72541277100311409 /* UIColor+YQQAdd.m in Sources */ = {isa = PBXBuildFile; fileRef = 254EDEA62541277100311409 /* UIColor+YQQAdd.m */; };
		254F75A325418FA200A22BAF /* YQQCoordinateChartModel.m in Sources */ = {isa = PBXBuildFile; fileRef = 254F75A225418FA200A22BAF /* YQQCoordinateChartModel.m */; };
/* End PBXBuildFile section */

/* Begin PBXFileReference section */
		25240AAA2537DB50000A7EA4 /* Example.app */ = {isa = PBXFileReference; explicitFileType = wrapper.application; includeInIndex = 0; path = Example.app; sourceTree = BUILT_PRODUCTS_DIR; };
		25240AAD2537DB50000A7EA4 /* AppDelegate.h */ = {isa = PBXFileReference; lastKnownFileType = sourcecode.c.h; path = AppDelegate.h; sourceTree = "<group>"; };
		25240AAE2537DB50000A7EA4 /* AppDelegate.m */ = {isa = PBXFileReference; lastKnownFileType = sourcecode.c.objc; path = AppDelegate.m; sourceTree = "<group>"; };
		25240AB32537DB50000A7EA4 /* ViewController.h */ = {isa = PBXFileReference; lastKnownFileType = sourcecode.c.h; path = ViewController.h; sourceTree = "<group>"; };
		25240AB42537DB50000A7EA4 /* ViewController.m */ = {isa = PBXFileReference; lastKnownFileType = sourcecode.c.objc; path = ViewController.m; sourceTree = "<group>"; };
		25240AB72537DB50000A7EA4 /* Base */ = {isa = PBXFileReference; lastKnownFileType = file.storyboard; name = Base; path = Base.lproj/Main.storyboard; sourceTree = "<group>"; };
		25240AB92537DB51000A7EA4 /* Assets.xcassets */ = {isa = PBXFileReference; lastKnownFileType = folder.assetcatalog; path = Assets.xcassets; sourceTree = "<group>"; };
		25240ABC2537DB51000A7EA4 /* Base */ = {isa = PBXFileReference; lastKnownFileType = file.storyboard; name = Base; path = Base.lproj/LaunchScreen.storyboard; sourceTree = "<group>"; };
		25240ABE2537DB51000A7EA4 /* Info.plist */ = {isa = PBXFileReference; lastKnownFileType = text.plist.xml; path = Info.plist; sourceTree = "<group>"; };
		25240ABF2537DB51000A7EA4 /* main.m */ = {isa = PBXFileReference; lastKnownFileType = sourcecode.c.objc; path = main.m; sourceTree = "<group>"; };
		25240ACB2537DCD0000A7EA4 /* YQQChart.h */ = {isa = PBXFileReference; lastKnownFileType = sourcecode.c.h; path = YQQChart.h; sourceTree = "<group>"; };
		25240ACC2537DCD0000A7EA4 /* YQQChart.m */ = {isa = PBXFileReference; lastKnownFileType = sourcecode.c.objc; path = YQQChart.m; sourceTree = "<group>"; };
		25240AD02537EC1E000A7EA4 /* YQQChartCalculate.h */ = {isa = PBXFileReference; lastKnownFileType = sourcecode.c.h; path = YQQChartCalculate.h; sourceTree = "<group>"; };
		25240AD12537EC1E000A7EA4 /* YQQChartCalculate.m */ = {isa = PBXFileReference; lastKnownFileType = sourcecode.c.objc; path = YQQChartCalculate.m; sourceTree = "<group>"; };
		25240AD725381DB1000A7EA4 /* YQQPieChartModel.h */ = {isa = PBXFileReference; lastKnownFileType = sourcecode.c.h; path = YQQPieChartModel.h; sourceTree = "<group>"; };
		25240AD825381DB2000A7EA4 /* YQQPieChartModel.m */ = {isa = PBXFileReference; lastKnownFileType = sourcecode.c.objc; path = YQQPieChartModel.m; sourceTree = "<group>"; };
		254EDEA52541277100311409 /* UIColor+YQQAdd.h */ = {isa = PBXFileReference; lastKnownFileType = sourcecode.c.h; path = "UIColor+YQQAdd.h"; sourceTree = "<group>"; };
		254EDEA62541277100311409 /* UIColor+YQQAdd.m */ = {isa = PBXFileReference; lastKnownFileType = sourcecode.c.objc; path = "UIColor+YQQAdd.m"; sourceTree = "<group>"; };
		254F75A125418FA200A22BAF /* YQQCoordinateChartModel.h */ = {isa = PBXFileReference; lastKnownFileType = sourcecode.c.h; path = YQQCoordinateChartModel.h; sourceTree = "<group>"; };
		254F75A225418FA200A22BAF /* YQQCoordinateChartModel.m */ = {isa = PBXFileReference; lastKnownFileType = sourcecode.c.objc; path = YQQCoordinateChartModel.m; sourceTree = "<group>"; };
/* End PBXFileReference section */

/* Begin PBXFrameworksBuildPhase section */
		25240AA72537DB50000A7EA4 /* Frameworks */ = {
			isa = PBXFrameworksBuildPhase;
			buildActionMask = 2147483647;
			files = (
			);
			runOnlyForDeploymentPostprocessing = 0;
		};
/* End PBXFrameworksBuildPhase section */

/* Begin PBXGroup section */
		25240AA12537DB50000A7EA4 = {
			isa = PBXGroup;
			children = (
				25240AAC2537DB50000A7EA4 /* Example */,
				25240AAB2537DB50000A7EA4 /* Products */,
			);
			sourceTree = "<group>";
		};
		25240AAB2537DB50000A7EA4 /* Products */ = {
			isa = PBXGroup;
			children = (
				25240AAA2537DB50000A7EA4 /* Example.app */,
			);
			name = Products;
			sourceTree = "<group>";
		};
		25240AAC2537DB50000A7EA4 /* Example */ = {
			isa = PBXGroup;
			children = (
				25240ACA2537DCAE000A7EA4 /* YQQChart */,
				25240AAD2537DB50000A7EA4 /* AppDelegate.h */,
				25240AAE2537DB50000A7EA4 /* AppDelegate.m */,
				25240AB32537DB50000A7EA4 /* ViewController.h */,
				25240AB42537DB50000A7EA4 /* ViewController.m */,
				25240AB62537DB50000A7EA4 /* Main.storyboard */,
				25240AB92537DB51000A7EA4 /* Assets.xcassets */,
				25240ABB2537DB51000A7EA4 /* LaunchScreen.storyboard */,
				25240ABE2537DB51000A7EA4 /* Info.plist */,
				25240ABF2537DB51000A7EA4 /* main.m */,
			);
			path = Example;
			sourceTree = "<group>";
		};
		25240ACA2537DCAE000A7EA4 /* YQQChart */ = {
			isa = PBXGroup;
			children = (
				25240ACB2537DCD0000A7EA4 /* YQQChart.h */,
				25240ACC2537DCD0000A7EA4 /* YQQChart.m */,
				25240AD02537EC1E000A7EA4 /* YQQChartCalculate.h */,
				25240AD12537EC1E000A7EA4 /* YQQChartCalculate.m */,
				25240AD725381DB1000A7EA4 /* YQQPieChartModel.h */,
				25240AD825381DB2000A7EA4 /* YQQPieChartModel.m */,
				254F75A125418FA200A22BAF /* YQQCoordinateChartModel.h */,
				254F75A225418FA200A22BAF /* YQQCoordinateChartModel.m */,
				254EDEA52541277100311409 /* UIColor+YQQAdd.h */,
				254EDEA62541277100311409 /* UIColor+YQQAdd.m */,
			);
			path = YQQChart;
			sourceTree = "<group>";
		};
/* End PBXGroup section */

/* Begin PBXNativeTarget section */
		25240AA92537DB50000A7EA4 /* Example */ = {
			isa = PBXNativeTarget;
			buildConfigurationList = 25240AC32537DB51000A7EA4 /* Build configuration list for PBXNativeTarget "Example" */;
			buildPhases = (
				25240AA62537DB50000A7EA4 /* Sources */,
				25240AA72537DB50000A7EA4 /* Frameworks */,
				25240AA82537DB50000A7EA4 /* Resources */,
			);
			buildRules = (
			);
			dependencies = (
			);
			name = Example;
			productName = Example;
			productReference = 25240AAA2537DB50000A7EA4 /* Example.app */;
			productType = "com.apple.product-type.application";
		};
/* End PBXNativeTarget section */

/* Begin PBXProject section */
		25240AA22537DB50000A7EA4 /* Project object */ = {
			isa = PBXProject;
			attributes = {
				LastUpgradeCheck = 1210;
				TargetAttributes = {
					25240AA92537DB50000A7EA4 = {
						CreatedOnToolsVersion = 12.0.1;
					};
				};
			};
			buildConfigurationList = 25240AA52537DB50000A7EA4 /* Build configuration list for PBXProject "Example" */;
			compatibilityVersion = "Xcode 9.3";
			developmentRegion = en;
			hasScannedForEncodings = 0;
			knownRegions = (
				en,
				Base,
			);
			mainGroup = 25240AA12537DB50000A7EA4;
			productRefGroup = 25240AAB2537DB50000A7EA4 /* Products */;
			projectDirPath = "";
			projectRoot = "";
			targets = (
				25240AA92537DB50000A7EA4 /* Example */,
			);
		};
/* End PBXProject section */

/* Begin PBXResourcesBuildPhase section */
		25240AA82537DB50000A7EA4 /* Resources */ = {
			isa = PBXResourcesBuildPhase;
			buildActionMask = 2147483647;
			files = (
				25240ABD2537DB51000A7EA4 /* LaunchScreen.storyboard in Resources */,
				25240ABA2537DB51000A7EA4 /* Assets.xcassets in Resources */,
				25240AB82537DB50000A7EA4 /* Main.storyboard in Resources */,
			);
			runOnlyForDeploymentPostprocessing = 0;
		};
/* End PBXResourcesBuildPhase section */

/* Begin PBXSourcesBuildPhase section */
		25240AA62537DB50000A7EA4 /* Sources */ = {
			isa = PBXSourcesBuildPhase;
			buildActionMask = 2147483647;
			files = (
				25240AB52537DB50000A7EA4 /* ViewController.m in Sources */,
				25240AAF2537DB50000A7EA4 /* AppDelegate.m in Sources */,
				25240AD22537EC1E000A7EA4 /* YQQChartCalculate.m in Sources */,
				25240ACD2537DCD0000A7EA4 /* YQQChart.m in Sources */,
				25240AC02537DB51000A7EA4 /* main.m in Sources */,
				25240AD925381DB2000A7EA4 /* YQQPieChartModel.m in Sources */,
				254F75A325418FA200A22BAF /* YQQCoordinateChartModel.m in Sources */,
				254EDEA72541277100311409 /* UIColor+YQQAdd.m in Sources */,
			);
			runOnlyForDeploymentPostprocessing = 0;
		};
/* End PBXSourcesBuildPhase section */

/* Begin PBXVariantGroup section */
		25240AB62537DB50000A7EA4 /* Main.storyboard */ = {
			isa = PBXVariantGroup;
			children = (
				25240AB72537DB50000A7EA4 /* Base */,
			);
			name = Main.storyboard;
			sourceTree = "<group>";
		};
		25240ABB2537DB51000A7EA4 /* LaunchScreen.storyboard */ = {
			isa = PBXVariantGroup;
			children = (
				25240ABC2537DB51000A7EA4 /* Base */,
			);
			name = LaunchScreen.storyboard;
			sourceTree = "<group>";
		};
/* End PBXVariantGroup section */

/* Begin XCBuildConfiguration section */
		25240AC12537DB51000A7EA4 /* Debug */ = {
			isa = XCBuildConfiguration;
			buildSettings = {
				ALWAYS_SEARCH_USER_PATHS = NO;
				CLANG_ANALYZER_NONNULL = YES;
				CLANG_ANALYZER_NUMBER_OBJECT_CONVERSION = YES_AGGRESSIVE;
				CLANG_CXX_LANGUAGE_STANDARD = "gnu++14";
				CLANG_CXX_LIBRARY = "libc++";
				CLANG_ENABLE_MODULES = YES;
				CLANG_ENABLE_OBJC_ARC = YES;
				CLANG_ENABLE_OBJC_WEAK = YES;
				CLANG_WARN_BLOCK_CAPTURE_AUTORELEASING = YES;
				CLANG_WARN_BOOL_CONVERSION = YES;
				CLANG_WARN_COMMA = YES;
				CLANG_WARN_CONSTANT_CONVERSION = YES;
				CLANG_WARN_DEPRECATED_OBJC_IMPLEMENTATIONS = YES;
				CLANG_WARN_DIRECT_OBJC_ISA_USAGE = YES_ERROR;
				CLANG_WARN_DOCUMENTATION_COMMENTS = YES;
				CLANG_WARN_EMPTY_BODY = YES;
				CLANG_WARN_ENUM_CONVERSION = YES;
				CLANG_WARN_INFINITE_RECURSION = YES;
				CLANG_WARN_INT_CONVERSION = YES;
				CLANG_WARN_NON_LITERAL_NULL_CONVERSION = YES;
				CLANG_WARN_OBJC_IMPLICIT_RETAIN_SELF = YES;
				CLANG_WARN_OBJC_LITERAL_CONVERSION = YES;
				CLANG_WARN_OBJC_ROOT_CLASS = YES_ERROR;
				CLANG_WARN_QUOTED_INCLUDE_IN_FRAMEWORK_HEADER = YES;
				CLANG_WARN_RANGE_LOOP_ANALYSIS = YES;
				CLANG_WARN_STRICT_PROTOTYPES = YES;
				CLANG_WARN_SUSPICIOUS_MOVE = YES;
				CLANG_WARN_UNGUARDED_AVAILABILITY = YES_AGGRESSIVE;
				CLANG_WARN_UNREACHABLE_CODE = YES;
				CLANG_WARN__DUPLICATE_METHOD_MATCH = YES;
				COPY_PHASE_STRIP = NO;
				DEBUG_INFORMATION_FORMAT = dwarf;
				ENABLE_STRICT_OBJC_MSGSEND = YES;
				ENABLE_TESTABILITY = YES;
				GCC_C_LANGUAGE_STANDARD = gnu11;
				GCC_DYNAMIC_NO_PIC = NO;
				GCC_NO_COMMON_BLOCKS = YES;
				GCC_OPTIMIZATION_LEVEL = 0;
				GCC_PREPROCESSOR_DEFINITIONS = (
					"DEBUG=1",
					"$(inherited)",
				);
				GCC_WARN_64_TO_32_BIT_CONVERSION = YES;
				GCC_WARN_ABOUT_RETURN_TYPE = YES_ERROR;
				GCC_WARN_UNDECLARED_SELECTOR = YES;
				GCC_WARN_UNINITIALIZED_AUTOS = YES_AGGRESSIVE;
				GCC_WARN_UNUSED_FUNCTION = YES;
				GCC_WARN_UNUSED_VARIABLE = YES;
				IPHONEOS_DEPLOYMENT_TARGET = 12.0;
				MTL_ENABLE_DEBUG_INFO = INCLUDE_SOURCE;
				MTL_FAST_MATH = YES;
				ONLY_ACTIVE_ARCH = YES;
				SDKROOT = iphoneos;
			};
			name = Debug;
		};
		25240AC22537DB51000A7EA4 /* Release */ = {
			isa = XCBuildConfiguration;
			buildSettings = {
				ALWAYS_SEARCH_USER_PATHS = NO;
				CLANG_ANALYZER_NONNULL = YES;
				CLANG_ANALYZER_NUMBER_OBJECT_CONVERSION = YES_AGGRESSIVE;
				CLANG_CXX_LANGUAGE_STANDARD = "gnu++14";
				CLANG_CXX_LIBRARY = "libc++";
				CLANG_ENABLE_MODULES = YES;
				CLANG_ENABLE_OBJC_ARC = YES;
				CLANG_ENABLE_OBJC_WEAK = YES;
				CLANG_WARN_BLOCK_CAPTURE_AUTORELEASING = YES;
				CLANG_WARN_BOOL_CONVERSION = YES;
				CLANG_WARN_COMMA = YES;
				CLANG_WARN_CONSTANT_CONVERSION = YES;
				CLANG_WARN_DEPRECATED_OBJC_IMPLEMENTATIONS = YES;
				CLANG_WARN_DIRECT_OBJC_ISA_USAGE = YES_ERROR;
				CLANG_WARN_DOCUMENTATION_COMMENTS = YES;
				CLANG_WARN_EMPTY_BODY = YES;
				CLANG_WARN_ENUM_CONVERSION = YES;
				CLANG_WARN_INFINITE_RECURSION = YES;
				CLANG_WARN_INT_CONVERSION = YES;
				CLANG_WARN_NON_LITERAL_NULL_CONVERSION = YES;
				CLANG_WARN_OBJC_IMPLICIT_RETAIN_SELF = YES;
				CLANG_WARN_OBJC_LITERAL_CONVERSION = YES;
				CLANG_WARN_OBJC_ROOT_CLASS = YES_ERROR;
				CLANG_WARN_QUOTED_INCLUDE_IN_FRAMEWORK_HEADER = YES;
				CLANG_WARN_RANGE_LOOP_ANALYSIS = YES;
				CLANG_WARN_STRICT_PROTOTYPES = YES;
				CLANG_WARN_SUSPICIOUS_MOVE = YES;
				CLANG_WARN_UNGUARDED_AVAILABILITY = YES_AGGRESSIVE;
				CLANG_WARN_UNREACHABLE_CODE = YES;
				CLANG_WARN__DUPLICATE_METHOD_MATCH = YES;
				COPY_PHASE_STRIP = NO;
				DEBUG_INFORMATION_FORMAT = "dwarf-with-dsym";
				ENABLE_NS_ASSERTIONS = NO;
				ENABLE_STRICT_OBJC_MSGSEND = YES;
				GCC_C_LANGUAGE_STANDARD = gnu11;
				GCC_NO_COMMON_BLOCKS = YES;
				GCC_WARN_64_TO_32_BIT_CONVERSION = YES;
				GCC_WARN_ABOUT_RETURN_TYPE = YES_ERROR;
				GCC_WARN_UNDECLARED_SELECTOR = YES;
				GCC_WARN_UNINITIALIZED_AUTOS = YES_AGGRESSIVE;
				GCC_WARN_UNUSED_FUNCTION = YES;
				GCC_WARN_UNUSED_VARIABLE = YES;
				IPHONEOS_DEPLOYMENT_TARGET = 12.0;
				MTL_ENABLE_DEBUG_INFO = NO;
				MTL_FAST_MATH = YES;
				SDKROOT = iphoneos;
				VALIDATE_PRODUCT = YES;
			};
			name = Release;
		};
		25240AC42537DB51000A7EA4 /* Debug */ = {
			isa = XCBuildConfiguration;
			buildSettings = {
				ASSETCATALOG_COMPILER_APPICON_NAME = AppIcon;
				ASSETCATALOG_COMPILER_GLOBAL_ACCENT_COLOR_NAME = AccentColor;
				CODE_SIGN_STYLE = Automatic;
				DEVELOPMENT_TEAM = W43WD399J7;
				INFOPLIST_FILE = Example/Info.plist;
				LD_RUNPATH_SEARCH_PATHS = (
					"$(inherited)",
					"@executable_path/Frameworks",
				);
				PRODUCT_BUNDLE_IDENTIFIER = SQ.Example;
				PRODUCT_NAME = "$(TARGET_NAME)";
				TARGETED_DEVICE_FAMILY = "1,2";
			};
			name = Debug;
		};
		25240AC52537DB51000A7EA4 /* Release */ = {
			isa = XCBuildConfiguration;
			buildSettings = {
				ASSETCATALOG_COMPILER_APPICON_NAME = AppIcon;
				ASSETCATALOG_COMPILER_GLOBAL_ACCENT_COLOR_NAME = AccentColor;
				CODE_SIGN_STYLE = Automatic;
				DEVELOPMENT_TEAM = W43WD399J7;
				INFOPLIST_FILE = Example/Info.plist;
				LD_RUNPATH_SEARCH_PATHS = (
					"$(inherited)",
					"@executable_path/Frameworks",
				);
				PRODUCT_BUNDLE_IDENTIFIER = SQ.Example;
				PRODUCT_NAME = "$(TARGET_NAME)";
				TARGETED_DEVICE_FAMILY = "1,2";
			};
			name = Release;
		};
/* End XCBuildConfiguration section */

/* Begin XCConfigurationList section */
		25240AA52537DB50000A7EA4 /* Build configuration list for PBXProject "Example" */ = {
			isa = XCConfigurationList;
			buildConfigurations = (
				25240AC12537DB51000A7EA4 /* Debug */,
				25240AC22537DB51000A7EA4 /* Release */,
			);
			defaultConfigurationIsVisible = 0;
			defaultConfigurationName = Release;
		};
		25240AC32537DB51000A7EA4 /* Build configuration list for PBXNativeTarget "Example" */ = {
			isa = XCConfigurationList;
			buildConfigurations = (
				25240AC42537DB51000A7EA4 /* Debug */,
				25240AC52537DB51000A7EA4 /* Release */,
			);
			defaultConfigurationIsVisible = 0;
			defaultConfigurationName = Release;
		};
/* End XCConfigurationList section */
	};
	rootObject = 25240AA22537DB50000A7EA4 /* Project object */;
}
